
Microsoft Visual Studio Solution File, Format Version 12.00
# Visual Studio 14
VisualStudioVersion = 14.0.25420.1
MinimumVisualStudioVersion = 10.0.40219.1
Project("{FAE04EC0-301F-11D3-BF4B-00C04F79EFBC}") = "ProductAPI", "refactor-me\ProductAPI.csproj", "{20AB69F9-F2D3-4A68-96C3-424EC8B9406E}"
EndProject
Project("{FAE04EC0-301F-11D3-BF4B-00C04F79EFBC}") = "ProductAPI.FunctionalTests", "ProductAPI.FunctionalTests\ProductAPI.FunctionalTests.csproj", "{63E642F3-C6FF-44C0-B7D8-270E93BC3FE7}"
EndProject
Global
	GlobalSection(SolutionConfigurationPlatforms) = preSolution
		Debug|Any CPU = Debug|Any CPU
		Release|Any CPU = Release|Any CPU
	EndGlobalSection
	GlobalSection(ProjectConfigurationPlatforms) = postSolution
		{20AB69F9-F2D3-4A68-96C3-424EC8B9406E}.Debug|Any CPU.ActiveCfg = Debug|Any CPU
		{20AB69F9-F2D3-4A68-96C3-424EC8B9406E}.Debug|Any CPU.Build.0 = Debug|Any CPU
		{20AB69F9-F2D3-4A68-96C3-424EC8B9406E}.Release|Any CPU.ActiveCfg = Release|Any CPU
		{20AB69F9-F2D3-4A68-96C3-424EC8B9406E}.Release|Any CPU.Build.0 = Release|Any CPU
		{63E642F3-C6FF-44C0-B7D8-270E93BC3FE7}.Debug|Any CPU.ActiveCfg = Debug|Any CPU
		{63E642F3-C6FF-44C0-B7D8-270E93BC3FE7}.Debug|Any CPU.Build.0 = Debug|Any CPU
		{63E642F3-C6FF-44C0-B7D8-270E93BC3FE7}.Release|Any CPU.ActiveCfg = Release|Any CPU
		{63E642F3-C6FF-44C0-B7D8-270E93BC3FE7}.Release|Any CPU.Build.0 = Release|Any CPU
	EndGlobalSection
	GlobalSection(SolutionProperties) = preSolution
		HideSolutionNode = FALSE
	EndGlobalSection
EndGlobal
